
Microsoft Visual Studio Solution File, Format Version 12.00
# Visual Studio Version 16
VisualStudioVersion = 16.0.28803.156
MinimumVisualStudioVersion = 10.0.40219.1
Project("{9A19103F-16F7-4668-BE54-9A1E7A4F7556}") = "RoomOccupancy.API", "RoomOccupancy.API\RoomOccupancy.API.csproj", "{883D9EC9-9726-4EE1-8ABF-616BE3FB8B6C}"
EndProject
Project("{9A19103F-16F7-4668-BE54-9A1E7A4F7556}") = "RoomOccupancy.Domain", "RoomOccupancy.Domain\RoomOccupancy.Domain.csproj", "{A1029B2F-F312-4197-B2A5-98AFA072EA82}"
EndProject
Project("{2150E333-8FDC-42A3-9474-1A3956D46DE8}") = "Core", "Core", "{0ACA147E-D78D-4483-A1CF-FA584D8BB55E}"
EndProject
Project("{2150E333-8FDC-42A3-9474-1A3956D46DE8}") = "Web", "Web", "{429D2EB8-3DDD-4FFE-9C98-6A56B2EDCB44}"
EndProject
Project("{FAE04EC0-301F-11D3-BF4B-00C04F79EFBC}") = "RoomOccupancy.Common", "RoomOccupancy.Common\RoomOccupancy.Common.csproj", "{F9AA39D3-BAB8-4A1D-8C46-354CA445C9FA}"
EndProject
Global
	GlobalSection(SolutionConfigurationPlatforms) = preSolution
		Debug|Any CPU = Debug|Any CPU
		Release|Any CPU = Release|Any CPU
	EndGlobalSection
	GlobalSection(ProjectConfigurationPlatforms) = postSolution
		{883D9EC9-9726-4EE1-8ABF-616BE3FB8B6C}.Debug|Any CPU.ActiveCfg = Debug|Any CPU
		{883D9EC9-9726-4EE1-8ABF-616BE3FB8B6C}.Debug|Any CPU.Build.0 = Debug|Any CPU
		{883D9EC9-9726-4EE1-8ABF-616BE3FB8B6C}.Release|Any CPU.ActiveCfg = Release|Any CPU
		{883D9EC9-9726-4EE1-8ABF-616BE3FB8B6C}.Release|Any CPU.Build.0 = Release|Any CPU
		{A1029B2F-F312-4197-B2A5-98AFA072EA82}.Debug|Any CPU.ActiveCfg = Debug|Any CPU
		{A1029B2F-F312-4197-B2A5-98AFA072EA82}.Debug|Any CPU.Build.0 = Debug|Any CPU
		{A1029B2F-F312-4197-B2A5-98AFA072EA82}.Release|Any CPU.ActiveCfg = Release|Any CPU
		{A1029B2F-F312-4197-B2A5-98AFA072EA82}.Release|Any CPU.Build.0 = Release|Any CPU
		{F9AA39D3-BAB8-4A1D-8C46-354CA445C9FA}.Debug|Any CPU.ActiveCfg = Debug|Any CPU
		{F9AA39D3-BAB8-4A1D-8C46-354CA445C9FA}.Debug|Any CPU.Build.0 = Debug|Any CPU
		{F9AA39D3-BAB8-4A1D-8C46-354CA445C9FA}.Release|Any CPU.ActiveCfg = Release|Any CPU
		{F9AA39D3-BAB8-4A1D-8C46-354CA445C9FA}.Release|Any CPU.Build.0 = Release|Any CPU
	EndGlobalSection
	GlobalSection(SolutionProperties) = preSolution
		HideSolutionNode = FALSE
	EndGlobalSection
	GlobalSection(NestedProjects) = preSolution
		{883D9EC9-9726-4EE1-8ABF-616BE3FB8B6C} = {429D2EB8-3DDD-4FFE-9C98-6A56B2EDCB44}
		{A1029B2F-F312-4197-B2A5-98AFA072EA82} = {0ACA147E-D78D-4483-A1CF-FA584D8BB55E}
		{F9AA39D3-BAB8-4A1D-8C46-354CA445C9FA} = {0ACA147E-D78D-4483-A1CF-FA584D8BB55E}
	EndGlobalSection
	GlobalSection(ExtensibilityGlobals) = postSolution
		SolutionGuid = {4EA4A8BE-A5A1-42CD-BD47-368B686F69CB}
	EndGlobalSection
EndGlobal
